// !$*UTF8*$!
{
	archiveVersion = 1;
	classes = {
	};
	objectVersion = 46;
	objects = {

/* Begin PBXBuildFile section */
		063A5B191DE5366B00ADDD1D /* GKBPageTittleView.swift in Sources */ = {isa = PBXBuildFile; fileRef = 063A5B181DE5366B00ADDD1D /* GKBPageTittleView.swift */; };
		063A5B1B1DE53AEE00ADDD1D /* Consts.swift in Sources */ = {isa = PBXBuildFile; fileRef = 063A5B1A1DE53AEE00ADDD1D /* Consts.swift */; };
		063A5B1D1DE5764B00ADDD1D /* GKBPageContentView.swift in Sources */ = {isa = PBXBuildFile; fileRef = 063A5B1C1DE5764B00ADDD1D /* GKBPageContentView.swift */; };
		064966D51DF8F57B00584D57 /* GKBRecomentViewModel.swift in Sources */ = {isa = PBXBuildFile; fileRef = 064966D41DF8F57B00584D57 /* GKBRecomentViewModel.swift */; };
		064966D71DF910C100584D57 /* GKBGroupModel.swift in Sources */ = {isa = PBXBuildFile; fileRef = 064966D61DF910C100584D57 /* GKBGroupModel.swift */; };
		064966D91DF9152100584D57 /* GKBAnchorModel.swift in Sources */ = {isa = PBXBuildFile; fileRef = 064966D81DF9152100584D57 /* GKBAnchorModel.swift */; };
		0650EBE61DF64E53007AD663 /* GKBRecomentViewController.swift in Sources */ = {isa = PBXBuildFile; fileRef = 0650EBE51DF64E53007AD663 /* GKBRecomentViewController.swift */; };
		0650EBE91DF6ACF2007AD663 /* GKBCollectionHeaderReusableView.swift in Sources */ = {isa = PBXBuildFile; fileRef = 0650EBE71DF6ACF2007AD663 /* GKBCollectionHeaderReusableView.swift */; };
		0650EBEA1DF6ACF2007AD663 /* GKBCollectionHeaderReusableView.xib in Resources */ = {isa = PBXBuildFile; fileRef = 0650EBE81DF6ACF2007AD663 /* GKBCollectionHeaderReusableView.xib */; };
		0650EBED1DF6B56D007AD663 /* GKBHomeCollectionViewCell.swift in Sources */ = {isa = PBXBuildFile; fileRef = 0650EBEB1DF6B56D007AD663 /* GKBHomeCollectionViewCell.swift */; };
		0650EBEE1DF6B56D007AD663 /* GKBHomeCollectionViewCell.xib in Resources */ = {isa = PBXBuildFile; fileRef = 0650EBEC1DF6B56D007AD663 /* GKBHomeCollectionViewCell.xib */; };
		069C639B1DE43F3B0019F9E5 /* AppDelegate.swift in Sources */ = {isa = PBXBuildFile; fileRef = 069C639A1DE43F3B0019F9E5 /* AppDelegate.swift */; };
		069C63A21DE43F3B0019F9E5 /* Assets.xcassets in Resources */ = {isa = PBXBuildFile; fileRef = 069C63A11DE43F3B0019F9E5 /* Assets.xcassets */; };
		069C63A51DE43F3B0019F9E5 /* LaunchScreen.storyboard in Resources */ = {isa = PBXBuildFile; fileRef = 069C63A31DE43F3B0019F9E5 /* LaunchScreen.storyboard */; };
		069C63B71DE46DB00019F9E5 /* Home.storyboard in Resources */ = {isa = PBXBuildFile; fileRef = 069C63B51DE46DB00019F9E5 /* Home.storyboard */; };
		069C63B91DE46DE40019F9E5 /* Live.storyboard in Resources */ = {isa = PBXBuildFile; fileRef = 069C63B81DE46DE40019F9E5 /* Live.storyboard */; };
		069C63BC1DE46DF60019F9E5 /* Follow.storyboard in Resources */ = {isa = PBXBuildFile; fileRef = 069C63BA1DE46DF60019F9E5 /* Follow.storyboard */; };
		069C63BE1DE46E070019F9E5 /* Mine.storyboard in Resources */ = {isa = PBXBuildFile; fileRef = 069C63BD1DE46E070019F9E5 /* Mine.storyboard */; };
		069C63C71DE473240019F9E5 /* GKBMainViewController.swift in Sources */ = {isa = PBXBuildFile; fileRef = 069C63C61DE473240019F9E5 /* GKBMainViewController.swift */; };
		069C63C91DE473B20019F9E5 /* Main.storyboard in Resources */ = {isa = PBXBuildFile; fileRef = 069C63C81DE473B20019F9E5 /* Main.storyboard */; };
		069C63D71DE47D800019F9E5 /* GKBMineViewController.swift in Sources */ = {isa = PBXBuildFile; fileRef = 069C63D61DE47D800019F9E5 /* GKBMineViewController.swift */; };
		069C63D91DE47DA80019F9E5 /* GKBFollowViewController.swift in Sources */ = {isa = PBXBuildFile; fileRef = 069C63D81DE47DA80019F9E5 /* GKBFollowViewController.swift */; };
		069C63DB1DE47DBF0019F9E5 /* GKBLiveViewController.swift in Sources */ = {isa = PBXBuildFile; fileRef = 069C63DA1DE47DBF0019F9E5 /* GKBLiveViewController.swift */; };
		069C63DD1DE47DD90019F9E5 /* GKBHomeViewController.swift in Sources */ = {isa = PBXBuildFile; fileRef = 069C63DC1DE47DD90019F9E5 /* GKBHomeViewController.swift */; };
		069C63E01DE481F20019F9E5 /* UIBarButtonItem+Extension.swift in Sources */ = {isa = PBXBuildFile; fileRef = 069C63DF1DE481F20019F9E5 /* UIBarButtonItem+Extension.swift */; };
		06A5B67A1DF799C30074C33C /* GKBProttyCollectionViewCell.swift in Sources */ = {isa = PBXBuildFile; fileRef = 06A5B6781DF799C30074C33C /* GKBProttyCollectionViewCell.swift */; };
		06A5B67B1DF799C30074C33C /* GKBProttyCollectionViewCell.xib in Resources */ = {isa = PBXBuildFile; fileRef = 06A5B6791DF799C30074C33C /* GKBProttyCollectionViewCell.xib */; };
		06A5B67D1DF7B9B80074C33C /* GKBNetworkTool.swift in Sources */ = {isa = PBXBuildFile; fileRef = 06A5B67C1DF7B9B80074C33C /* GKBNetworkTool.swift */; };
		06C8B5341DEAC3F6009DDF96 /* UIColor+Extension.swift in Sources */ = {isa = PBXBuildFile; fileRef = 06C8B5331DEAC3F6009DDF96 /* UIColor+Extension.swift */; };
		838F31C5D30778032D408E15 /* Pods_LIveBroadcast.framework in Frameworks */ = {isa = PBXBuildFile; fileRef = C4F9E8C6236B8B36478EC1EC /* Pods_LIveBroadcast.framework */; };
/* End PBXBuildFile section */

/* Begin PBXFileReference section */
		063A5B181DE5366B00ADDD1D /* GKBPageTittleView.swift */ = {isa = PBXFileReference; fileEncoding = 4; lastKnownFileType = sourcecode.swift; path = GKBPageTittleView.swift; sourceTree = "<group>"; };
		063A5B1A1DE53AEE00ADDD1D /* Consts.swift */ = {isa = PBXFileReference; fileEncoding = 4; lastKnownFileType = sourcecode.swift; path = Consts.swift; sourceTree = "<group>"; };
		063A5B1C1DE5764B00ADDD1D /* GKBPageContentView.swift */ = {isa = PBXFileReference; fileEncoding = 4; lastKnownFileType = sourcecode.swift; path = GKBPageContentView.swift; sourceTree = "<group>"; };
		064966D41DF8F57B00584D57 /* GKBRecomentViewModel.swift */ = {isa = PBXFileReference; fileEncoding = 4; lastKnownFileType = sourcecode.swift; path = GKBRecomentViewModel.swift; sourceTree = "<group>"; };
		064966D61DF910C100584D57 /* GKBGroupModel.swift */ = {isa = PBXFileReference; fileEncoding = 4; lastKnownFileType = sourcecode.swift; path = GKBGroupModel.swift; sourceTree = "<group>"; };
		064966D81DF9152100584D57 /* GKBAnchorModel.swift */ = {isa = PBXFileReference; fileEncoding = 4; lastKnownFileType = sourcecode.swift; path = GKBAnchorModel.swift; sourceTree = "<group>"; };
		0650EBE51DF64E53007AD663 /* GKBRecomentViewController.swift */ = {isa = PBXFileReference; fileEncoding = 4; lastKnownFileType = sourcecode.swift; path = GKBRecomentViewController.swift; sourceTree = "<group>"; };
		0650EBE71DF6ACF2007AD663 /* GKBCollectionHeaderReusableView.swift */ = {isa = PBXFileReference; fileEncoding = 4; lastKnownFileType = sourcecode.swift; path = GKBCollectionHeaderReusableView.swift; sourceTree = "<group>"; };
		0650EBE81DF6ACF2007AD663 /* GKBCollectionHeaderReusableView.xib */ = {isa = PBXFileReference; fileEncoding = 4; lastKnownFileType = file.xib; path = GKBCollectionHeaderReusableView.xib; sourceTree = "<group>"; };
		0650EBEB1DF6B56D007AD663 /* GKBHomeCollectionViewCell.swift */ = {isa = PBXFileReference; fileEncoding = 4; lastKnownFileType = sourcecode.swift; name = GKBHomeCollectionViewCell.swift; path = ../../Home/View/GKBHomeCollectionViewCell.swift; sourceTree = "<group>"; };
		0650EBEC1DF6B56D007AD663 /* GKBHomeCollectionViewCell.xib */ = {isa = PBXFileReference; fileEncoding = 4; lastKnownFileType = file.xib; name = GKBHomeCollectionViewCell.xib; path = ../../Home/View/GKBHomeCollectionViewCell.xib; sourceTree = "<group>"; };
		069C63971DE43F3B0019F9E5 /* LIveBroadcast.app */ = {isa = PBXFileReference; explicitFileType = wrapper.application; includeInIndex = 0; path = LIveBroadcast.app; sourceTree = BUILT_PRODUCTS_DIR; };
		069C639A1DE43F3B0019F9E5 /* AppDelegate.swift */ = {isa = PBXFileReference; lastKnownFileType = sourcecode.swift; path = AppDelegate.swift; sourceTree = "<group>"; };
		069C63A11DE43F3B0019F9E5 /* Assets.xcassets */ = {isa = PBXFileReference; lastKnownFileType = folder.assetcatalog; path = Assets.xcassets; sourceTree = "<group>"; };
		069C63A41DE43F3B0019F9E5 /* Base */ = {isa = PBXFileReference; lastKnownFileType = file.storyboard; name = Base; path = Base.lproj/LaunchScreen.storyboard; sourceTree = "<group>"; };
		069C63A61DE43F3B0019F9E5 /* Info.plist */ = {isa = PBXFileReference; lastKnownFileType = text.plist.xml; path = Info.plist; sourceTree = "<group>"; };
		069C63B61DE46DB00019F9E5 /* Base */ = {isa = PBXFileReference; lastKnownFileType = file.storyboard; name = Base; path = LIveBroadcast/Base.lproj/Home.storyboard; sourceTree = SOURCE_ROOT; };
		069C63B81DE46DE40019F9E5 /* Live.storyboard */ = {isa = PBXFileReference; fileEncoding = 4; lastKnownFileType = file.storyboard; name = Live.storyboard; path = ../../Main/Live.storyboard; sourceTree = "<group>"; };
		069C63BB1DE46DF60019F9E5 /* Base */ = {isa = PBXFileReference; lastKnownFileType = file.storyboard; name = Base; path = LIveBroadcast/Base.lproj/Follow.storyboard; sourceTree = SOURCE_ROOT; };
		069C63BD1DE46E070019F9E5 /* Mine.storyboard */ = {isa = PBXFileReference; fileEncoding = 4; lastKnownFileType = file.storyboard; name = Mine.storyboard; path = ../../Main/Mine.storyboard; sourceTree = "<group>"; };
		069C63C61DE473240019F9E5 /* GKBMainViewController.swift */ = {isa = PBXFileReference; fileEncoding = 4; lastKnownFileType = sourcecode.swift; path = GKBMainViewController.swift; sourceTree = "<group>"; };
		069C63C81DE473B20019F9E5 /* Main.storyboard */ = {isa = PBXFileReference; fileEncoding = 4; lastKnownFileType = file.storyboard; path = Main.storyboard; sourceTree = "<group>"; };
		069C63D61DE47D800019F9E5 /* GKBMineViewController.swift */ = {isa = PBXFileReference; fileEncoding = 4; lastKnownFileType = sourcecode.swift; path = GKBMineViewController.swift; sourceTree = "<group>"; };
		069C63D81DE47DA80019F9E5 /* GKBFollowViewController.swift */ = {isa = PBXFileReference; fileEncoding = 4; lastKnownFileType = sourcecode.swift; path = GKBFollowViewController.swift; sourceTree = "<group>"; };
		069C63DA1DE47DBF0019F9E5 /* GKBLiveViewController.swift */ = {isa = PBXFileReference; fileEncoding = 4; lastKnownFileType = sourcecode.swift; path = GKBLiveViewController.swift; sourceTree = "<group>"; };
		069C63DC1DE47DD90019F9E5 /* GKBHomeViewController.swift */ = {isa = PBXFileReference; fileEncoding = 4; lastKnownFileType = sourcecode.swift; path = GKBHomeViewController.swift; sourceTree = "<group>"; };
		069C63DF1DE481F20019F9E5 /* UIBarButtonItem+Extension.swift */ = {isa = PBXFileReference; fileEncoding = 4; lastKnownFileType = sourcecode.swift; path = "UIBarButtonItem+Extension.swift"; sourceTree = "<group>"; };
		06A5B6781DF799C30074C33C /* GKBProttyCollectionViewCell.swift */ = {isa = PBXFileReference; fileEncoding = 4; lastKnownFileType = sourcecode.swift; path = GKBProttyCollectionViewCell.swift; sourceTree = "<group>"; };
		06A5B6791DF799C30074C33C /* GKBProttyCollectionViewCell.xib */ = {isa = PBXFileReference; fileEncoding = 4; lastKnownFileType = file.xib; path = GKBProttyCollectionViewCell.xib; sourceTree = "<group>"; };
		06A5B67C1DF7B9B80074C33C /* GKBNetworkTool.swift */ = {isa = PBXFileReference; fileEncoding = 4; lastKnownFileType = sourcecode.swift; path = GKBNetworkTool.swift; sourceTree = "<group>"; };
		06C8B5331DEAC3F6009DDF96 /* UIColor+Extension.swift */ = {isa = PBXFileReference; fileEncoding = 4; lastKnownFileType = sourcecode.swift; path = "UIColor+Extension.swift"; sourceTree = "<group>"; };
		7E3B94509DF1A04F2A43B3EA /* Pods-LIveBroadcast.debug.xcconfig */ = {isa = PBXFileReference; includeInIndex = 1; lastKnownFileType = text.xcconfig; name = "Pods-LIveBroadcast.debug.xcconfig"; path = "Pods/Target Support Files/Pods-LIveBroadcast/Pods-LIveBroadcast.debug.xcconfig"; sourceTree = "<group>"; };
		9E1EA984C31933D61F8BA619 /* Pods-LIveBroadcast.release.xcconfig */ = {isa = PBXFileReference; includeInIndex = 1; lastKnownFileType = text.xcconfig; name = "Pods-LIveBroadcast.release.xcconfig"; path = "Pods/Target Support Files/Pods-LIveBroadcast/Pods-LIveBroadcast.release.xcconfig"; sourceTree = "<group>"; };
		C4F9E8C6236B8B36478EC1EC /* Pods_LIveBroadcast.framework */ = {isa = PBXFileReference; explicitFileType = wrapper.framework; includeInIndex = 0; path = Pods_LIveBroadcast.framework; sourceTree = BUILT_PRODUCTS_DIR; };
/* End PBXFileReference section */

/* Begin PBXFrameworksBuildPhase section */
		069C63941DE43F3B0019F9E5 /* Frameworks */ = {
			isa = PBXFrameworksBuildPhase;
			buildActionMask = 2147483647;
			files = (
				838F31C5D30778032D408E15 /* Pods_LIveBroadcast.framework in Frameworks */,
			);
			runOnlyForDeploymentPostprocessing = 0;
		};
/* End PBXFrameworksBuildPhase section */

/* Begin PBXGroup section */
		064966D31DF8F45300584D57 /* ViewModel */ = {
			isa = PBXGroup;
			children = (
				064966D41DF8F57B00584D57 /* GKBRecomentViewModel.swift */,
			);
			path = ViewModel;
			sourceTree = "<group>";
		};
		069C638E1DE43F3A0019F9E5 = {
			isa = PBXGroup;
			children = (
				069C63991DE43F3B0019F9E5 /* LIveBroadcast */,
				069C63981DE43F3B0019F9E5 /* Products */,
				93BE646ADA1283FE30BA06B3 /* Pods */,
				D1AD822FFE6DA5A1658963F7 /* Frameworks */,
			);
			sourceTree = "<group>";
		};
		069C63981DE43F3B0019F9E5 /* Products */ = {
			isa = PBXGroup;
			children = (
				069C63971DE43F3B0019F9E5 /* LIveBroadcast.app */,
			);
			name = Products;
			sourceTree = "<group>";
		};
		069C63991DE43F3B0019F9E5 /* LIveBroadcast */ = {
			isa = PBXGroup;
			children = (
				069C63AE1DE448E40019F9E5 /* classes */,
				069C639A1DE43F3B0019F9E5 /* AppDelegate.swift */,
				069C63A11DE43F3B0019F9E5 /* Assets.xcassets */,
				069C63A31DE43F3B0019F9E5 /* LaunchScreen.storyboard */,
				069C63A61DE43F3B0019F9E5 /* Info.plist */,
			);
			path = LIveBroadcast;
			sourceTree = "<group>";
		};
		069C63AE1DE448E40019F9E5 /* classes */ = {
			isa = PBXGroup;
			children = (
				069C63B01DE448E40019F9E5 /* Home */,
				069C63B31DE448E40019F9E5 /* Me */,
				069C63B21DE448E40019F9E5 /* Main */,
				069C63AF1DE448E40019F9E5 /* Follow */,
				069C63B11DE448E40019F9E5 /* Live */,
				069C63B41DE448E40019F9E5 /* Tools */,
			);
			path = classes;
			sourceTree = "<group>";
		};
		069C63AF1DE448E40019F9E5 /* Follow */ = {
			isa = PBXGroup;
			children = (
				069C63CD1DE474600019F9E5 /* Controller */,
				069C63CE1DE474600019F9E5 /* Model */,
				069C63CF1DE474600019F9E5 /* View */,
			);
			path = Follow;
			sourceTree = "<group>";
		};
		069C63B01DE448E40019F9E5 /* Home */ = {
			isa = PBXGroup;
			children = (
				069C63CA1DE4743B0019F9E5 /* Controller */,
				069C63CC1DE4743B0019F9E5 /* View */,
				069C63CB1DE4743B0019F9E5 /* Model */,
				064966D31DF8F45300584D57 /* ViewModel */,
			);
			path = Home;
			sourceTree = "<group>";
		};
		069C63B11DE448E40019F9E5 /* Live */ = {
			isa = PBXGroup;
			children = (
				069C63D01DE474720019F9E5 /* Controller */,
				069C63D11DE474720019F9E5 /* Model */,
				069C63D21DE474720019F9E5 /* View */,
			);
			path = Live;
			sourceTree = "<group>";
		};
		069C63B21DE448E40019F9E5 /* Main */ = {
			isa = PBXGroup;
			children = (
				069C63C31DE472B90019F9E5 /* Controller */,
				069C63C41DE472B90019F9E5 /* Model */,
				069C63C51DE472B90019F9E5 /* View */,
			);
			path = Main;
			sourceTree = "<group>";
		};
		069C63B31DE448E40019F9E5 /* Me */ = {
			isa = PBXGroup;
			children = (
				069C63D31DE474920019F9E5 /* Controller */,
				069C63D41DE474920019F9E5 /* Model */,
				069C63D51DE474920019F9E5 /* View */,
			);
			path = Me;
			sourceTree = "<group>";
		};
		069C63B41DE448E40019F9E5 /* Tools */ = {
			isa = PBXGroup;
			children = (
				069C63DE1DE481D50019F9E5 /* Extension */,
				063A5B1A1DE53AEE00ADDD1D /* Consts.swift */,
				06A5B67C1DF7B9B80074C33C /* GKBNetworkTool.swift */,
			);
			path = Tools;
			sourceTree = "<group>";
		};
		069C63C31DE472B90019F9E5 /* Controller */ = {
			isa = PBXGroup;
			children = (
				069C63C81DE473B20019F9E5 /* Main.storyboard */,
				069C63C61DE473240019F9E5 /* GKBMainViewController.swift */,
			);
			path = Controller;
			sourceTree = "<group>";
		};
		069C63C41DE472B90019F9E5 /* Model */ = {
			isa = PBXGroup;
			children = (
			);
			path = Model;
			sourceTree = "<group>";
		};
		069C63C51DE472B90019F9E5 /* View */ = {
			isa = PBXGroup;
			children = (
				063A5B181DE5366B00ADDD1D /* GKBPageTittleView.swift */,
				063A5B1C1DE5764B00ADDD1D /* GKBPageContentView.swift */,
				06A5B6781DF799C30074C33C /* GKBProttyCollectionViewCell.swift */,
				06A5B6791DF799C30074C33C /* GKBProttyCollectionViewCell.xib */,
				0650EBEB1DF6B56D007AD663 /* GKBHomeCollectionViewCell.swift */,
				0650EBEC1DF6B56D007AD663 /* GKBHomeCollectionViewCell.xib */,
			);
			path = View;
			sourceTree = "<group>";
		};
		069C63CA1DE4743B0019F9E5 /* Controller */ = {
			isa = PBXGroup;
			children = (
				069C63B51DE46DB00019F9E5 /* Home.storyboard */,
				069C63DC1DE47DD90019F9E5 /* GKBHomeViewController.swift */,
				0650EBE51DF64E53007AD663 /* GKBRecomentViewController.swift */,
			);
			path = Controller;
			sourceTree = "<group>";
		};
		069C63CB1DE4743B0019F9E5 /* Model */ = {
			isa = PBXGroup;
			children = (
				064966D61DF910C100584D57 /* GKBGroupModel.swift */,
				064966D81DF9152100584D57 /* GKBAnchorModel.swift */,
			);
			path = Model;
			sourceTree = "<group>";
		};
		069C63CC1DE4743B0019F9E5 /* View */ = {
			isa = PBXGroup;
			children = (
				0650EBE71DF6ACF2007AD663 /* GKBCollectionHeaderReusableView.swift */,
				0650EBE81DF6ACF2007AD663 /* GKBCollectionHeaderReusableView.xib */,
			);
			path = View;
			sourceTree = "<group>";
		};
		069C63CD1DE474600019F9E5 /* Controller */ = {
			isa = PBXGroup;
			children = (
				069C63BA1DE46DF60019F9E5 /* Follow.storyboard */,
				069C63D81DE47DA80019F9E5 /* GKBFollowViewController.swift */,
			);
			path = Controller;
			sourceTree = "<group>";
		};
		069C63CE1DE474600019F9E5 /* Model */ = {
			isa = PBXGroup;
			children = (
			);
			path = Model;
			sourceTree = "<group>";
		};
		069C63CF1DE474600019F9E5 /* View */ = {
			isa = PBXGroup;
			children = (
			);
			path = View;
			sourceTree = "<group>";
		};
		069C63D01DE474720019F9E5 /* Controller */ = {
			isa = PBXGroup;
			children = (
				069C63B81DE46DE40019F9E5 /* Live.storyboard */,
				069C63DA1DE47DBF0019F9E5 /* GKBLiveViewController.swift */,
			);
			path = Controller;
			sourceTree = "<group>";
		};
		069C63D11DE474720019F9E5 /* Model */ = {
			isa = PBXGroup;
			children = (
			);
			path = Model;
			sourceTree = "<group>";
		};
		069C63D21DE474720019F9E5 /* View */ = {
			isa = PBXGroup;
			children = (
			);
			path = View;
			sourceTree = "<group>";
		};
		069C63D31DE474920019F9E5 /* Controller */ = {
			isa = PBXGroup;
			children = (
				069C63BD1DE46E070019F9E5 /* Mine.storyboard */,
				069C63D61DE47D800019F9E5 /* GKBMineViewController.swift */,
			);
			path = Controller;
			sourceTree = "<group>";
		};
		069C63D41DE474920019F9E5 /* Model */ = {
			isa = PBXGroup;
			children = (
			);
			path = Model;
			sourceTree = "<group>";
		};
		069C63D51DE474920019F9E5 /* View */ = {
			isa = PBXGroup;
			children = (
			);
			path = View;
			sourceTree = "<group>";
		};
		069C63DE1DE481D50019F9E5 /* Extension */ = {
			isa = PBXGroup;
			children = (
				069C63DF1DE481F20019F9E5 /* UIBarButtonItem+Extension.swift */,
				06C8B5331DEAC3F6009DDF96 /* UIColor+Extension.swift */,
			);
			path = Extension;
			sourceTree = "<group>";
		};
		93BE646ADA1283FE30BA06B3 /* Pods */ = {
			isa = PBXGroup;
			children = (
				7E3B94509DF1A04F2A43B3EA /* Pods-LIveBroadcast.debug.xcconfig */,
				9E1EA984C31933D61F8BA619 /* Pods-LIveBroadcast.release.xcconfig */,
			);
			name = Pods;
			sourceTree = "<group>";
		};
		D1AD822FFE6DA5A1658963F7 /* Frameworks */ = {
			isa = PBXGroup;
			children = (
				C4F9E8C6236B8B36478EC1EC /* Pods_LIveBroadcast.framework */,
			);
			name = Frameworks;
			sourceTree = "<group>";
		};
/* End PBXGroup section */

/* Begin PBXNativeTarget section */
		069C63961DE43F3B0019F9E5 /* LIveBroadcast */ = {
			isa = PBXNativeTarget;
			buildConfigurationList = 069C63A91DE43F3B0019F9E5 /* Build configuration list for PBXNativeTarget "LIveBroadcast" */;
			buildPhases = (
				F050AA304732D71480351E2B /* [CP] Check Pods Manifest.lock */,
				069C63931DE43F3B0019F9E5 /* Sources */,
				069C63941DE43F3B0019F9E5 /* Frameworks */,
				069C63951DE43F3B0019F9E5 /* Resources */,
				053CF9D48C6181C19BE998FF /* [CP] Embed Pods Frameworks */,
				15E87EA0728DD02060ED38D6 /* [CP] Copy Pods Resources */,
			);
			buildRules = (
			);
			dependencies = (
			);
			name = LIveBroadcast;
			productName = LIveBroadcast;
			productReference = 069C63971DE43F3B0019F9E5 /* LIveBroadcast.app */;
			productType = "com.apple.product-type.application";
		};
/* End PBXNativeTarget section */

/* Begin PBXProject section */
		069C638F1DE43F3A0019F9E5 /* Project object */ = {
			isa = PBXProject;
			attributes = {
				CLASSPREFIX = GKB;
				LastSwiftUpdateCheck = 0810;
				LastUpgradeCheck = 0810;
				ORGANIZATIONNAME = "盖凯宾";
				TargetAttributes = {
					069C63961DE43F3B0019F9E5 = {
						CreatedOnToolsVersion = 8.1;
						DevelopmentTeam = NJ6BK7F9R2;
						ProvisioningStyle = Automatic;
					};
				};
			};
			buildConfigurationList = 069C63921DE43F3A0019F9E5 /* Build configuration list for PBXProject "LIveBroadcast" */;
			compatibilityVersion = "Xcode 3.2";
			developmentRegion = English;
			hasScannedForEncodings = 0;
			knownRegions = (
				en,
				Base,
			);
			mainGroup = 069C638E1DE43F3A0019F9E5;
			productRefGroup = 069C63981DE43F3B0019F9E5 /* Products */;
			projectDirPath = "";
			projectRoot = "";
			targets = (
				069C63961DE43F3B0019F9E5 /* LIveBroadcast */,
			);
		};
/* End PBXProject section */

/* Begin PBXResourcesBuildPhase section */
		069C63951DE43F3B0019F9E5 /* Resources */ = {
			isa = PBXResourcesBuildPhase;
			buildActionMask = 2147483647;
			files = (
				069C63C91DE473B20019F9E5 /* Main.storyboard in Resources */,
				069C63A51DE43F3B0019F9E5 /* LaunchScreen.storyboard in Resources */,
				069C63A21DE43F3B0019F9E5 /* Assets.xcassets in Resources */,
				0650EBEA1DF6ACF2007AD663 /* GKBCollectionHeaderReusableView.xib in Resources */,
				069C63B91DE46DE40019F9E5 /* Live.storyboard in Resources */,
				069C63BE1DE46E070019F9E5 /* Mine.storyboard in Resources */,
				069C63B71DE46DB00019F9E5 /* Home.storyboard in Resources */,
				06A5B67B1DF799C30074C33C /* GKBProttyCollectionViewCell.xib in Resources */,
				069C63BC1DE46DF60019F9E5 /* Follow.storyboard in Resources */,
				0650EBEE1DF6B56D007AD663 /* GKBHomeCollectionViewCell.xib in Resources */,
			);
			runOnlyForDeploymentPostprocessing = 0;
		};
/* End PBXResourcesBuildPhase section */

/* Begin PBXShellScriptBuildPhase section */
		053CF9D48C6181C19BE998FF /* [CP] Embed Pods Frameworks */ = {
			isa = PBXShellScriptBuildPhase;
			buildActionMask = 2147483647;
			files = (
			);
			inputPaths = (
			);
			name = "[CP] Embed Pods Frameworks";
			outputPaths = (
			);
			runOnlyForDeploymentPostprocessing = 0;
			shellPath = /bin/sh;
			shellScript = "\"${SRCROOT}/Pods/Target Support Files/Pods-LIveBroadcast/Pods-LIveBroadcast-frameworks.sh\"\n";
			showEnvVarsInLog = 0;
		};
		15E87EA0728DD02060ED38D6 /* [CP] Copy Pods Resources */ = {
			isa = PBXShellScriptBuildPhase;
			buildActionMask = 2147483647;
			files = (
			);
			inputPaths = (
			);
			name = "[CP] Copy Pods Resources";
			outputPaths = (
			);
			runOnlyForDeploymentPostprocessing = 0;
			shellPath = /bin/sh;
			shellScript = "\"${SRCROOT}/Pods/Target Support Files/Pods-LIveBroadcast/Pods-LIveBroadcast-resources.sh\"\n";
			showEnvVarsInLog = 0;
		};
		F050AA304732D71480351E2B /* [CP] Check Pods Manifest.lock */ = {
			isa = PBXShellScriptBuildPhase;
			buildActionMask = 2147483647;
			files = (
			);
			inputPaths = (
			);
			name = "[CP] Check Pods Manifest.lock";
			outputPaths = (
			);
			runOnlyForDeploymentPostprocessing = 0;
			shellPath = /bin/sh;
			shellScript = "diff \"${PODS_ROOT}/../Podfile.lock\" \"${PODS_ROOT}/Manifest.lock\" > /dev/null\nif [ $? != 0 ] ; then\n    # print error to STDERR\n    echo \"error: The sandbox is not in sync with the Podfile.lock. Run 'pod install' or update your CocoaPods installation.\" >&2\n    exit 1\nfi\n";
			showEnvVarsInLog = 0;
		};
/* End PBXShellScriptBuildPhase section */

/* Begin PBXSourcesBuildPhase section */
		069C63931DE43F3B0019F9E5 /* Sources */ = {
			isa = PBXSourcesBuildPhase;
			buildActionMask = 2147483647;
			files = (
				064966D71DF910C100584D57 /* GKBGroupModel.swift in Sources */,
				069C63DB1DE47DBF0019F9E5 /* GKBLiveViewController.swift in Sources */,
				069C63C71DE473240019F9E5 /* GKBMainViewController.swift in Sources */,
				064966D91DF9152100584D57 /* GKBAnchorModel.swift in Sources */,
				0650EBE61DF64E53007AD663 /* GKBRecomentViewController.swift in Sources */,
				063A5B1D1DE5764B00ADDD1D /* GKBPageContentView.swift in Sources */,
				06C8B5341DEAC3F6009DDF96 /* UIColor+Extension.swift in Sources */,
				064966D51DF8F57B00584D57 /* GKBRecomentViewModel.swift in Sources */,
				069C639B1DE43F3B0019F9E5 /* AppDelegate.swift in Sources */,
				06A5B67A1DF799C30074C33C /* GKBProttyCollectionViewCell.swift in Sources */,
				069C63E01DE481F20019F9E5 /* UIBarButtonItem+Extension.swift in Sources */,
				063A5B191DE5366B00ADDD1D /* GKBPageTittleView.swift in Sources */,
				069C63D91DE47DA80019F9E5 /* GKBFollowViewController.swift in Sources */,
				069C63DD1DE47DD90019F9E5 /* GKBHomeViewController.swift in Sources */,
				06A5B67D1DF7B9B80074C33C /* GKBNetworkTool.swift in Sources */,
				063A5B1B1DE53AEE00ADDD1D /* Consts.swift in Sources */,
				069C63D71DE47D800019F9E5 /* GKBMineViewController.swift in Sources */,
				0650EBED1DF6B56D007AD663 /* GKBHomeCollectionViewCell.swift in Sources */,
				0650EBE91DF6ACF2007AD663 /* GKBCollectionHeaderReusableView.swift in Sources */,
			);
			runOnlyForDeploymentPostprocessing = 0;
		};
/* End PBXSourcesBuildPhase section */

/* Begin PBXVariantGroup section */
		069C63A31DE43F3B0019F9E5 /* LaunchScreen.storyboard */ = {
			isa = PBXVariantGroup;
			children = (
				069C63A41DE43F3B0019F9E5 /* Base */,
			);
			name = LaunchScreen.storyboard;
			sourceTree = "<group>";
		};
		069C63B51DE46DB00019F9E5 /* Home.storyboard */ = {
			isa = PBXVariantGroup;
			children = (
				069C63B61DE46DB00019F9E5 /* Base */,
			);
			name = Home.storyboard;
			path = ../../Main;
			sourceTree = "<group>";
		};
		069C63BA1DE46DF60019F9E5 /* Follow.storyboard */ = {
			isa = PBXVariantGroup;
			children = (
				069C63BB1DE46DF60019F9E5 /* Base */,
			);
			name = Follow.storyboard;
			path = ../../Main;
			sourceTree = "<group>";
		};
/* End PBXVariantGroup section */

/* Begin XCBuildConfiguration section */
		069C63A71DE43F3B0019F9E5 /* Debug */ = {
			isa = XCBuildConfiguration;
			buildSettings = {
				ALWAYS_SEARCH_USER_PATHS = NO;
				CLANG_ANALYZER_NONNULL = YES;
				CLANG_CXX_LANGUAGE_STANDARD = "gnu++0x";
				CLANG_CXX_LIBRARY = "libc++";
				CLANG_ENABLE_MODULES = YES;
				CLANG_ENABLE_OBJC_ARC = YES;
				CLANG_WARN_BOOL_CONVERSION = YES;
				CLANG_WARN_CONSTANT_CONVERSION = YES;
				CLANG_WARN_DIRECT_OBJC_ISA_USAGE = YES_ERROR;
				CLANG_WARN_DOCUMENTATION_COMMENTS = YES;
				CLANG_WARN_EMPTY_BODY = YES;
				CLANG_WARN_ENUM_CONVERSION = YES;
				CLANG_WARN_INFINITE_RECURSION = YES;
				CLANG_WARN_INT_CONVERSION = YES;
				CLANG_WARN_OBJC_ROOT_CLASS = YES_ERROR;
				CLANG_WARN_SUSPICIOUS_MOVES = YES;
				CLANG_WARN_UNREACHABLE_CODE = YES;
				CLANG_WARN__DUPLICATE_METHOD_MATCH = YES;
				"CODE_SIGN_IDENTITY[sdk=iphoneos*]" = "iPhone Developer";
				COPY_PHASE_STRIP = NO;
				DEBUG_INFORMATION_FORMAT = dwarf;
				ENABLE_STRICT_OBJC_MSGSEND = YES;
				ENABLE_TESTABILITY = YES;
				GCC_C_LANGUAGE_STANDARD = gnu99;
				GCC_DYNAMIC_NO_PIC = NO;
				GCC_NO_COMMON_BLOCKS = YES;
				GCC_OPTIMIZATION_LEVEL = 0;
				GCC_PREPROCESSOR_DEFINITIONS = (
					"DEBUG=1",
					"$(inherited)",
				);
				GCC_WARN_64_TO_32_BIT_CONVERSION = YES;
				GCC_WARN_ABOUT_RETURN_TYPE = YES_ERROR;
				GCC_WARN_UNDECLARED_SELECTOR = YES;
				GCC_WARN_UNINITIALIZED_AUTOS = YES_AGGRESSIVE;
				GCC_WARN_UNUSED_FUNCTION = YES;
				GCC_WARN_UNUSED_VARIABLE = YES;
				IPHONEOS_DEPLOYMENT_TARGET = 10.1;
				MTL_ENABLE_DEBUG_INFO = YES;
				ONLY_ACTIVE_ARCH = YES;
				SDKROOT = iphoneos;
				SWIFT_ACTIVE_COMPILATION_CONDITIONS = DEBUG;
				SWIFT_OPTIMIZATION_LEVEL = "-Onone";
				TARGETED_DEVICE_FAMILY = "1,2";
			};
			name = Debug;
		};
		069C63A81DE43F3B0019F9E5 /* Release */ = {
			isa = XCBuildConfiguration;
			buildSettings = {
				ALWAYS_SEARCH_USER_PATHS = NO;
				CLANG_ANALYZER_NONNULL = YES;
				CLANG_CXX_LANGUAGE_STANDARD = "gnu++0x";
				CLANG_CXX_LIBRARY = "libc++";
				CLANG_ENABLE_MODULES = YES;
				CLANG_ENABLE_OBJC_ARC = YES;
				CLANG_WARN_BOOL_CONVERSION = YES;
				CLANG_WARN_CONSTANT_CONVERSION = YES;
				CLANG_WARN_DIRECT_OBJC_ISA_USAGE = YES_ERROR;
				CLANG_WARN_DOCUMENTATION_COMMENTS = YES;
				CLANG_WARN_EMPTY_BODY = YES;
				CLANG_WARN_ENUM_CONVERSION = YES;
				CLANG_WARN_INFINITE_RECURSION = YES;
				CLANG_WARN_INT_CONVERSION = YES;
				CLANG_WARN_OBJC_ROOT_CLASS = YES_ERROR;
				CLANG_WARN_SUSPICIOUS_MOVES = YES;
				CLANG_WARN_UNREACHABLE_CODE = YES;
				CLANG_WARN__DUPLICATE_METHOD_MATCH = YES;
				"CODE_SIGN_IDENTITY[sdk=iphoneos*]" = "iPhone Developer";
				COPY_PHASE_STRIP = NO;
				DEBUG_INFORMATION_FORMAT = "dwarf-with-dsym";
				ENABLE_NS_ASSERTIONS = NO;
				ENABLE_STRICT_OBJC_MSGSEND = YES;
				GCC_C_LANGUAGE_STANDARD = gnu99;
				GCC_NO_COMMON_BLOCKS = YES;
				GCC_WARN_64_TO_32_BIT_CONVERSION = YES;
				GCC_WARN_ABOUT_RETURN_TYPE = YES_ERROR;
				GCC_WARN_UNDECLARED_SELECTOR = YES;
				GCC_WARN_UNINITIALIZED_AUTOS = YES_AGGRESSIVE;
				GCC_WARN_UNUSED_FUNCTION = YES;
				GCC_WARN_UNUSED_VARIABLE = YES;
				IPHONEOS_DEPLOYMENT_TARGET = 10.1;
				MTL_ENABLE_DEBUG_INFO = NO;
				SDKROOT = iphoneos;
				SWIFT_OPTIMIZATION_LEVEL = "-Owholemodule";
				TARGETED_DEVICE_FAMILY = "1,2";
				VALIDATE_PRODUCT = YES;
			};
			name = Release;
		};
		069C63AA1DE43F3B0019F9E5 /* Debug */ = {
			isa = XCBuildConfiguration;
			baseConfigurationReference = 7E3B94509DF1A04F2A43B3EA /* Pods-LIveBroadcast.debug.xcconfig */;
			buildSettings = {
				ASSETCATALOG_COMPILER_APPICON_NAME = AppIcon;
				ASSETCATALOG_COMPILER_LAUNCHIMAGE_NAME = LaunchImage;
				DEVELOPMENT_TEAM = NJ6BK7F9R2;
				INFOPLIST_FILE = LIveBroadcast/Info.plist;
				IPHONEOS_DEPLOYMENT_TARGET = 9.0;
				LD_RUNPATH_SEARCH_PATHS = "$(inherited) @executable_path/Frameworks";
				PRODUCT_BUNDLE_IDENTIFIER = GKB.LIveBroadcast;
				PRODUCT_NAME = "$(TARGET_NAME)";
				SWIFT_VERSION = 3.0;
			};
			name = Debug;
		};
		069C63AB1DE43F3B0019F9E5 /* Release */ = {
			isa = XCBuildConfiguration;
			baseConfigurationReference = 9E1EA984C31933D61F8BA619 /* Pods-LIveBroadcast.release.xcconfig */;
			buildSettings = {
				ASSETCATALOG_COMPILER_APPICON_NAME = AppIcon;
				ASSETCATALOG_COMPILER_LAUNCHIMAGE_NAME = LaunchImage;
				DEVELOPMENT_TEAM = NJ6BK7F9R2;
				INFOPLIST_FILE = LIveBroadcast/Info.plist;
				IPHONEOS_DEPLOYMENT_TARGET = 9.0;
				LD_RUNPATH_SEARCH_PATHS = "$(inherited) @executable_path/Frameworks";
				PRODUCT_BUNDLE_IDENTIFIER = GKB.LIveBroadcast;
				PRODUCT_NAME = "$(TARGET_NAME)";
				SWIFT_VERSION = 3.0;
			};
			name = Release;
		};
/* End XCBuildConfiguration section */

/* Begin XCConfigurationList section */
		069C63921DE43F3A0019F9E5 /* Build configuration list for PBXProject "LIveBroadcast" */ = {
			isa = XCConfigurationList;
			buildConfigurations = (
				069C63A71DE43F3B0019F9E5 /* Debug */,
				069C63A81DE43F3B0019F9E5 /* Release */,
			);
			defaultConfigurationIsVisible = 0;
			defaultConfigurationName = Release;
		};
		069C63A91DE43F3B0019F9E5 /* Build configuration list for PBXNativeTarget "LIveBroadcast" */ = {
			isa = XCConfigurationList;
			buildConfigurations = (
				069C63AA1DE43F3B0019F9E5 /* Debug */,
				069C63AB1DE43F3B0019F9E5 /* Release */,
			);
			defaultConfigurationIsVisible = 0;
			defaultConfigurationName = Release;
		};
/* End XCConfigurationList section */
	};
	rootObject = 069C638F1DE43F3A0019F9E5 /* Project object */;
}
